
Microsoft Visual Studio Solution File, Format Version 12.00
# Visual Studio 15
VisualStudioVersion = 15.0.28307.489
MinimumVisualStudioVersion = 10.0.40219.1
Project("{FAE04EC0-301F-11D3-BF4B-00C04F79EFBC}") = "Practical_Tasks_No1", "Practical_Tasks_No1.csproj", "{9EAB0644-52D9-4B15-8C55-F0EA027988AB}"
EndProject
Project("{FAE04EC0-301F-11D3-BF4B-00C04F79EFBC}") = "Practical_Tasks_No2", "..\Practical_Tasks_No2\Practical_Tasks_No2.csproj", "{60DD81B1-98BF-457B-A4A2-A704170A49C6}"
EndProject
Project("{FAE04EC0-301F-11D3-BF4B-00C04F79EFBC}") = "Console", "..\Console\Console.csproj", "{3D29E92E-5BAB-4B8C-87B1-799ADC928448}"
EndProject
Global
	GlobalSection(SolutionConfigurationPlatforms) = preSolution
		Debug|Any CPU = Debug|Any CPU
		Release|Any CPU = Release|Any CPU
	EndGlobalSection
	GlobalSection(ProjectConfigurationPlatforms) = postSolution
		{9EAB0644-52D9-4B15-8C55-F0EA027988AB}.Debug|Any CPU.ActiveCfg = Debug|Any CPU
		{9EAB0644-52D9-4B15-8C55-F0EA027988AB}.Debug|Any CPU.Build.0 = Debug|Any CPU
		{9EAB0644-52D9-4B15-8C55-F0EA027988AB}.Release|Any CPU.ActiveCfg = Release|Any CPU
		{9EAB0644-52D9-4B15-8C55-F0EA027988AB}.Release|Any CPU.Build.0 = Release|Any CPU
		{60DD81B1-98BF-457B-A4A2-A704170A49C6}.Debug|Any CPU.ActiveCfg = Debug|Any CPU
		{60DD81B1-98BF-457B-A4A2-A704170A49C6}.Debug|Any CPU.Build.0 = Debug|Any CPU
		{60DD81B1-98BF-457B-A4A2-A704170A49C6}.Release|Any CPU.ActiveCfg = Release|Any CPU
		{60DD81B1-98BF-457B-A4A2-A704170A49C6}.Release|Any CPU.Build.0 = Release|Any CPU
		{3D29E92E-5BAB-4B8C-87B1-799ADC928448}.Debug|Any CPU.ActiveCfg = Debug|Any CPU
		{3D29E92E-5BAB-4B8C-87B1-799ADC928448}.Debug|Any CPU.Build.0 = Debug|Any CPU
		{3D29E92E-5BAB-4B8C-87B1-799ADC928448}.Release|Any CPU.ActiveCfg = Release|Any CPU
		{3D29E92E-5BAB-4B8C-87B1-799ADC928448}.Release|Any CPU.Build.0 = Release|Any CPU
	EndGlobalSection
	GlobalSection(SolutionProperties) = preSolution
		HideSolutionNode = FALSE
	EndGlobalSection
	GlobalSection(ExtensibilityGlobals) = postSolution
		SolutionGuid = {27CD04B7-E723-4979-873B-67A000FC7CAC}
	EndGlobalSection
EndGlobal
